
Microsoft Visual Studio Solution File, Format Version 12.00
# Visual Studio Version 17
VisualStudioVersion = 17.4.33403.182
MinimumVisualStudioVersion = 10.0.40219.1
Project("{FAE04EC0-301F-11D3-BF4B-00C04F79EFBC}") = "DoAnCoSo", "DoAnCoSo\DoAnCoSo.csproj", "{A4B3B07A-58EF-4CCD-A3E2-CF2026198BA0}"
EndProject
Global
	GlobalSection(SolutionConfigurationPlatforms) = preSolution
		Debug|Any CPU = Debug|Any CPU
		Release|Any CPU = Release|Any CPU
	EndGlobalSection
	GlobalSection(ProjectConfigurationPlatforms) = postSolution
		{A4B3B07A-58EF-4CCD-A3E2-CF2026198BA0}.Debug|Any CPU.ActiveCfg = Debug|Any CPU
		{A4B3B07A-58EF-4CCD-A3E2-CF2026198BA0}.Debug|Any CPU.Build.0 = Debug|Any CPU
		{A4B3B07A-58EF-4CCD-A3E2-CF2026198BA0}.Release|Any CPU.ActiveCfg = Release|Any CPU
		{A4B3B07A-58EF-4CCD-A3E2-CF2026198BA0}.Release|Any CPU.Build.0 = Release|Any CPU
	EndGlobalSection
	GlobalSection(SolutionProperties) = preSolution
		HideSolutionNode = FALSE
	EndGlobalSection
	GlobalSection(ExtensibilityGlobals) = postSolution
		SolutionGuid = {BED85B77-F363-48F6-AFAD-5F3EB73AB887}
	EndGlobalSection
EndGlobal
